
Microsoft Visual Studio Solution File, Format Version 12.00
# Visual Studio Version 16
VisualStudioVersion = 16.0.30114.105
MinimumVisualStudioVersion = 10.0.40219.1
Project("{2150E333-8FDC-42A3-9474-1A3956D46DE8}") = "src", "src", "{EAA4A5B7-AC4D-4898-AE63-10A937D26FD6}"
EndProject
Project("{9A19103F-16F7-4668-BE54-9A1E7A4F7556}") = "PMSvc.Api", "src\PMSvc.Api\PMSvc.Api.csproj", "{21A96257-170A-4CAA-AB1C-D42F08D2D1CE}"
EndProject
Project("{9A19103F-16F7-4668-BE54-9A1E7A4F7556}") = "PMSvc.Application", "src\PMSvc.Application\PMSvc.Application.csproj", "{D06148FF-9B26-444D-A7A6-F2C7C88EFD6A}"
EndProject
Project("{9A19103F-16F7-4668-BE54-9A1E7A4F7556}") = "PMSvc.Core", "src\PMSvc.Core\PMSvc.Core.csproj", "{C123F770-B4F7-4BD0-A731-3B829CE1B6E7}"
EndProject
Project("{9A19103F-16F7-4668-BE54-9A1E7A4F7556}") = "PMSvc.Infrastructure", "src\PMSvc.Infrastructure\PMSvc.Infrastructure.csproj", "{FEAFF299-3E53-4554-9FB3-5C52C3CCA107}"
EndProject
Project("{2150E333-8FDC-42A3-9474-1A3956D46DE8}") = "tests", "tests", "{2276142B-E496-4394-AE57-A79561FD98A5}"
EndProject
Project("{9A19103F-16F7-4668-BE54-9A1E7A4F7556}") = "PMSvc.Test.Api", "tests\PMSvc.Test.Api\PMSvc.Test.Api.csproj", "{F9DB819D-F547-4B96-96A4-53F6F1418285}"
EndProject
Project("{9A19103F-16F7-4668-BE54-9A1E7A4F7556}") = "PMSvc.Test.Application", "tests\PMSvc.Test.Application\PMSvc.Test.Application.csproj", "{557C3087-D481-4FC0-BDAA-1FA08C40F96A}"
EndProject
Project("{9A19103F-16F7-4668-BE54-9A1E7A4F7556}") = "PMSvc.Test.Infrastructure", "tests\PMSvc.Test.Infrastructure\PMSvc.Test.Infrastructure.csproj", "{205E7061-4547-4D30-AE48-77347A3572C3}"
EndProject
Global
	GlobalSection(SolutionConfigurationPlatforms) = preSolution
		Debug|Any CPU = Debug|Any CPU
		Debug|x64 = Debug|x64
		Debug|x86 = Debug|x86
		Release|Any CPU = Release|Any CPU
		Release|x64 = Release|x64
		Release|x86 = Release|x86
	EndGlobalSection
	GlobalSection(ProjectConfigurationPlatforms) = postSolution
		{21A96257-170A-4CAA-AB1C-D42F08D2D1CE}.Debug|Any CPU.ActiveCfg = Debug|Any CPU
		{21A96257-170A-4CAA-AB1C-D42F08D2D1CE}.Debug|Any CPU.Build.0 = Debug|Any CPU
		{21A96257-170A-4CAA-AB1C-D42F08D2D1CE}.Debug|x64.ActiveCfg = Debug|Any CPU
		{21A96257-170A-4CAA-AB1C-D42F08D2D1CE}.Debug|x64.Build.0 = Debug|Any CPU
		{21A96257-170A-4CAA-AB1C-D42F08D2D1CE}.Debug|x86.ActiveCfg = Debug|Any CPU
		{21A96257-170A-4CAA-AB1C-D42F08D2D1CE}.Debug|x86.Build.0 = Debug|Any CPU
		{21A96257-170A-4CAA-AB1C-D42F08D2D1CE}.Release|Any CPU.ActiveCfg = Release|Any CPU
		{21A96257-170A-4CAA-AB1C-D42F08D2D1CE}.Release|Any CPU.Build.0 = Release|Any CPU
		{21A96257-170A-4CAA-AB1C-D42F08D2D1CE}.Release|x64.ActiveCfg = Release|Any CPU
		{21A96257-170A-4CAA-AB1C-D42F08D2D1CE}.Release|x64.Build.0 = Release|Any CPU
		{21A96257-170A-4CAA-AB1C-D42F08D2D1CE}.Release|x86.ActiveCfg = Release|Any CPU
		{21A96257-170A-4CAA-AB1C-D42F08D2D1CE}.Release|x86.Build.0 = Release|Any CPU
		{D06148FF-9B26-444D-A7A6-F2C7C88EFD6A}.Debug|Any CPU.ActiveCfg = Debug|Any CPU
		{D06148FF-9B26-444D-A7A6-F2C7C88EFD6A}.Debug|Any CPU.Build.0 = Debug|Any CPU
		{D06148FF-9B26-444D-A7A6-F2C7C88EFD6A}.Debug|x64.ActiveCfg = Debug|Any CPU
		{D06148FF-9B26-444D-A7A6-F2C7C88EFD6A}.Debug|x64.Build.0 = Debug|Any CPU
		{D06148FF-9B26-444D-A7A6-F2C7C88EFD6A}.Debug|x86.ActiveCfg = Debug|Any CPU
		{D06148FF-9B26-444D-A7A6-F2C7C88EFD6A}.Debug|x86.Build.0 = Debug|Any CPU
		{D06148FF-9B26-444D-A7A6-F2C7C88EFD6A}.Release|Any CPU.ActiveCfg = Release|Any CPU
		{D06148FF-9B26-444D-A7A6-F2C7C88EFD6A}.Release|Any CPU.Build.0 = Release|Any CPU
		{D06148FF-9B26-444D-A7A6-F2C7C88EFD6A}.Release|x64.ActiveCfg = Release|Any CPU
		{D06148FF-9B26-444D-A7A6-F2C7C88EFD6A}.Release|x64.Build.0 = Release|Any CPU
		{D06148FF-9B26-444D-A7A6-F2C7C88EFD6A}.Release|x86.ActiveCfg = Release|Any CPU
		{D06148FF-9B26-444D-A7A6-F2C7C88EFD6A}.Release|x86.Build.0 = Release|Any CPU
		{C123F770-B4F7-4BD0-A731-3B829CE1B6E7}.Debug|Any CPU.ActiveCfg = Debug|Any CPU
		{C123F770-B4F7-4BD0-A731-3B829CE1B6E7}.Debug|Any CPU.Build.0 = Debug|Any CPU
		{C123F770-B4F7-4BD0-A731-3B829CE1B6E7}.Debug|x64.ActiveCfg = Debug|Any CPU
		{C123F770-B4F7-4BD0-A731-3B829CE1B6E7}.Debug|x64.Build.0 = Debug|Any CPU
		{C123F770-B4F7-4BD0-A731-3B829CE1B6E7}.Debug|x86.ActiveCfg = Debug|Any CPU
		{C123F770-B4F7-4BD0-A731-3B829CE1B6E7}.Debug|x86.Build.0 = Debug|Any CPU
		{C123F770-B4F7-4BD0-A731-3B829CE1B6E7}.Release|Any CPU.ActiveCfg = Release|Any CPU
		{C123F770-B4F7-4BD0-A731-3B829CE1B6E7}.Release|Any CPU.Build.0 = Release|Any CPU
		{C123F770-B4F7-4BD0-A731-3B829CE1B6E7}.Release|x64.ActiveCfg = Release|Any CPU
		{C123F770-B4F7-4BD0-A731-3B829CE1B6E7}.Release|x64.Build.0 = Release|Any CPU
		{C123F770-B4F7-4BD0-A731-3B829CE1B6E7}.Release|x86.ActiveCfg = Release|Any CPU
		{C123F770-B4F7-4BD0-A731-3B829CE1B6E7}.Release|x86.Build.0 = Release|Any CPU
		{FEAFF299-3E53-4554-9FB3-5C52C3CCA107}.Debug|Any CPU.ActiveCfg = Debug|Any CPU
		{FEAFF299-3E53-4554-9FB3-5C52C3CCA107}.Debug|Any CPU.Build.0 = Debug|Any CPU
		{FEAFF299-3E53-4554-9FB3-5C52C3CCA107}.Debug|x64.ActiveCfg = Debug|Any CPU
		{FEAFF299-3E53-4554-9FB3-5C52C3CCA107}.Debug|x64.Build.0 = Debug|Any CPU
		{FEAFF299-3E53-4554-9FB3-5C52C3CCA107}.Debug|x86.ActiveCfg = Debug|Any CPU
		{FEAFF299-3E53-4554-9FB3-5C52C3CCA107}.Debug|x86.Build.0 = Debug|Any CPU
		{FEAFF299-3E53-4554-9FB3-5C52C3CCA107}.Release|Any CPU.ActiveCfg = Release|Any CPU
		{FEAFF299-3E53-4554-9FB3-5C52C3CCA107}.Release|Any CPU.Build.0 = Release|Any CPU
		{FEAFF299-3E53-4554-9FB3-5C52C3CCA107}.Release|x64.ActiveCfg = Release|Any CPU
		{FEAFF299-3E53-4554-9FB3-5C52C3CCA107}.Release|x64.Build.0 = Release|Any CPU
		{FEAFF299-3E53-4554-9FB3-5C52C3CCA107}.Release|x86.ActiveCfg = Release|Any CPU
		{FEAFF299-3E53-4554-9FB3-5C52C3CCA107}.Release|x86.Build.0 = Release|Any CPU
		{F9DB819D-F547-4B96-96A4-53F6F1418285}.Debug|Any CPU.ActiveCfg = Debug|Any CPU
		{F9DB819D-F547-4B96-96A4-53F6F1418285}.Debug|Any CPU.Build.0 = Debug|Any CPU
		{F9DB819D-F547-4B96-96A4-53F6F1418285}.Debug|x64.ActiveCfg = Debug|Any CPU
		{F9DB819D-F547-4B96-96A4-53F6F1418285}.Debug|x64.Build.0 = Debug|Any CPU
		{F9DB819D-F547-4B96-96A4-53F6F1418285}.Debug|x86.ActiveCfg = Debug|Any CPU
		{F9DB819D-F547-4B96-96A4-53F6F1418285}.Debug|x86.Build.0 = Debug|Any CPU
		{F9DB819D-F547-4B96-96A4-53F6F1418285}.Release|Any CPU.ActiveCfg = Release|Any CPU
		{F9DB819D-F547-4B96-96A4-53F6F1418285}.Release|Any CPU.Build.0 = Release|Any CPU
		{F9DB819D-F547-4B96-96A4-53F6F1418285}.Release|x64.ActiveCfg = Release|Any CPU
		{F9DB819D-F547-4B96-96A4-53F6F1418285}.Release|x64.Build.0 = Release|Any CPU
		{F9DB819D-F547-4B96-96A4-53F6F1418285}.Release|x86.ActiveCfg = Release|Any CPU
		{F9DB819D-F547-4B96-96A4-53F6F1418285}.Release|x86.Build.0 = Release|Any CPU
		{557C3087-D481-4FC0-BDAA-1FA08C40F96A}.Debug|Any CPU.ActiveCfg = Debug|Any CPU
		{557C3087-D481-4FC0-BDAA-1FA08C40F96A}.Debug|Any CPU.Build.0 = Debug|Any CPU
		{557C3087-D481-4FC0-BDAA-1FA08C40F96A}.Debug|x64.ActiveCfg = Debug|Any CPU
		{557C3087-D481-4FC0-BDAA-1FA08C40F96A}.Debug|x64.Build.0 = Debug|Any CPU
		{557C3087-D481-4FC0-BDAA-1FA08C40F96A}.Debug|x86.ActiveCfg = Debug|Any CPU
		{557C3087-D481-4FC0-BDAA-1FA08C40F96A}.Debug|x86.Build.0 = Debug|Any CPU
		{557C3087-D481-4FC0-BDAA-1FA08C40F96A}.Release|Any CPU.ActiveCfg = Release|Any CPU
		{557C3087-D481-4FC0-BDAA-1FA08C40F96A}.Release|Any CPU.Build.0 = Release|Any CPU
		{557C3087-D481-4FC0-BDAA-1FA08C40F96A}.Release|x64.ActiveCfg = Release|Any CPU
		{557C3087-D481-4FC0-BDAA-1FA08C40F96A}.Release|x64.Build.0 = Release|Any CPU
		{557C3087-D481-4FC0-BDAA-1FA08C40F96A}.Release|x86.ActiveCfg = Release|Any CPU
		{557C3087-D481-4FC0-BDAA-1FA08C40F96A}.Release|x86.Build.0 = Release|Any CPU
		{205E7061-4547-4D30-AE48-77347A3572C3}.Debug|Any CPU.ActiveCfg = Debug|Any CPU
		{205E7061-4547-4D30-AE48-77347A3572C3}.Debug|Any CPU.Build.0 = Debug|Any CPU
		{205E7061-4547-4D30-AE48-77347A3572C3}.Debug|x64.ActiveCfg = Debug|Any CPU
		{205E7061-4547-4D30-AE48-77347A3572C3}.Debug|x64.Build.0 = Debug|Any CPU
		{205E7061-4547-4D30-AE48-77347A3572C3}.Debug|x86.ActiveCfg = Debug|Any CPU
		{205E7061-4547-4D30-AE48-77347A3572C3}.Debug|x86.Build.0 = Debug|Any CPU
		{205E7061-4547-4D30-AE48-77347A3572C3}.Release|Any CPU.ActiveCfg = Release|Any CPU
		{205E7061-4547-4D30-AE48-77347A3572C3}.Release|Any CPU.Build.0 = Release|Any CPU
		{205E7061-4547-4D30-AE48-77347A3572C3}.Release|x64.ActiveCfg = Release|Any CPU
		{205E7061-4547-4D30-AE48-77347A3572C3}.Release|x64.Build.0 = Release|Any CPU
		{205E7061-4547-4D30-AE48-77347A3572C3}.Release|x86.ActiveCfg = Release|Any CPU
		{205E7061-4547-4D30-AE48-77347A3572C3}.Release|x86.Build.0 = Release|Any CPU
	EndGlobalSection
	GlobalSection(SolutionProperties) = preSolution
		HideSolutionNode = FALSE
	EndGlobalSection
	GlobalSection(NestedProjects) = preSolution
		{21A96257-170A-4CAA-AB1C-D42F08D2D1CE} = {EAA4A5B7-AC4D-4898-AE63-10A937D26FD6}
		{D06148FF-9B26-444D-A7A6-F2C7C88EFD6A} = {EAA4A5B7-AC4D-4898-AE63-10A937D26FD6}
		{C123F770-B4F7-4BD0-A731-3B829CE1B6E7} = {EAA4A5B7-AC4D-4898-AE63-10A937D26FD6}
		{FEAFF299-3E53-4554-9FB3-5C52C3CCA107} = {EAA4A5B7-AC4D-4898-AE63-10A937D26FD6}
		{F9DB819D-F547-4B96-96A4-53F6F1418285} = {2276142B-E496-4394-AE57-A79561FD98A5}
		{557C3087-D481-4FC0-BDAA-1FA08C40F96A} = {2276142B-E496-4394-AE57-A79561FD98A5}
		{205E7061-4547-4D30-AE48-77347A3572C3} = {2276142B-E496-4394-AE57-A79561FD98A5}
	EndGlobalSection
	GlobalSection(ExtensibilityGlobals) = postSolution
		SolutionGuid = {214B7FC3-4711-401A-A28B-ED0BD84CFD5C}
	EndGlobalSection
EndGlobal
